schema: '2.0'
stages:
  preprocess:
    cmd: python src/features.py
    deps:
    - path: data/raw/meta_Beauty.json.gz
      hash: md5
      md5: f018e35b6c0d58f9737f0556af0cfb1e
      size: 99156148
      isexec: true
    - path: feature/events_processed.csv
      hash: md5
      md5: 727505a6cf9c0a44a2cf631b74e43b15
      size: 32
      isexec: true
    - path: params.yaml
      hash: md5
      md5: 631d65fe885c832ce5941457bb98b95a
      size: 1022
      isexec: true
    - path: src/features.py
      hash: md5
      md5: 3274fd9db5e75fdb675ad6b0a4c2b845
      size: 5809
      isexec: true
    outs:
    - path: artifacts/item_map.json
      hash: md5
      md5: 33f3ce8186ce17351f9aff4d6ac0de4c
      size: 2365325
    - path: artifacts/items_metadata.json
      hash: md5
      md5: b35b354c30a6c1d9dac68cf6e6641f48
      size: 27280999
    - path: data/processed/test.csv
      hash: md5
      md5: 88d441eaf265b9201cae0382c7402b3f
      size: 4321389
    - path: data/processed/train.csv
      hash: md5
      md5: b0a1bb0d1ae1be3e70e5276a25d1c080
      size: 17285612
  train:
    cmd: python src/train_orchestrator.py
    deps:
    - path: data/processed/test.csv
      hash: md5
      md5: 88d441eaf265b9201cae0382c7402b3f
      size: 4321389
    - path: data/processed/train.csv
      hash: md5
      md5: b0a1bb0d1ae1be3e70e5276a25d1c080
      size: 17285612
    - path: params.yaml
      hash: md5
      md5: 32b9c7a1258da69d5f62f3a8ca35321a
      size: 823
      isexec: true
    - path: src/model.py
      hash: md5
      md5: e86e00c5c3e72f8b7a7c025a38a3c34e
      size: 7328
      isexec: true
    - path: src/train.py
      hash: md5
      md5: 1d64c07822507067c09443a0f8af4e6b
      size: 6970
      isexec: true
    - path: src/train_orchestrator.py
      hash: md5
      md5: 7b9e47341366fc0d2eb5e5660a1c828d
      size: 8067
  evaluate:
    cmd: python src/evaluate.py
    deps:
    - path: artifacts/item_map.json
      hash: md5
      md5: 33f3ce8186ce17351f9aff4d6ac0de4c
      size: 2365325
    - path: artifacts/model.pth
      hash: md5
      md5: 0d205b23a02e99d7e690a3c675895c6b
      size: 116065897
    - path: data/processed/test.csv
      hash: md5
      md5: 88d441eaf265b9201cae0382c7402b3f
      size: 4321389
    - path: params.yaml
      hash: md5
      md5: 5627e027483e45c02ced788c10b21303
      size: 732
      isexec: true
    - path: src/evaluate.py
      hash: md5
      md5: e3ccf9051dcb5f7027de99c7d3327125
      size: 5562
      isexec: true
    - path: src/model.py
      hash: md5
      md5: e86e00c5c3e72f8b7a7c025a38a3c34e
      size: 7328
      isexec: true
    outs:
    - path: metrics.json
      hash: md5
      md5: 02588014460d733df09259c42444e917
      size: 1272
      isexec: true
