schema: '2.0'
stages:
  preprocess:
    cmd: python src/features.py
    deps:
    - path: data/raw/meta_Beauty.json.gz
      hash: md5
      md5: f018e35b6c0d58f9737f0556af0cfb1e
      size: 99156148
    - path: feature/events_processed.csv
      hash: md5
      md5: 5dbe3ca7919cc13d1396930239a91c3d
      size: 140
    - path: params.yaml
      hash: md5
      md5: e3340896e8d61c5076172e3e212d9028
      size: 1023
    - path: src/features.py
      hash: md5
      md5: 3274fd9db5e75fdb675ad6b0a4c2b845
      size: 5809
    outs:
    - path: artifacts/item_map.json
      hash: md5
      md5: 33f3ce8186ce17351f9aff4d6ac0de4c
      size: 2365325
    - path: artifacts/items_metadata.json
      hash: md5
      md5: e2b18b2bbc011d58de05809c382fd198
      size: 27280741
    - path: data/processed/test.csv
      hash: md5
      md5: 88d441eaf265b9201cae0382c7402b3f
      size: 4321389
    - path: data/processed/train.csv
      hash: md5
      md5: b0a1bb0d1ae1be3e70e5276a25d1c080
      size: 17285612
  train:
    cmd: python src/train_by_AWS.py
    deps:
    - path: data/processed/test.csv
      hash: md5
      md5: 88d441eaf265b9201cae0382c7402b3f
      size: 4321389
    - path: data/processed/train.csv
      hash: md5
      md5: b0a1bb0d1ae1be3e70e5276a25d1c080
      size: 17285612
    - path: params.yaml
      hash: md5
      md5: e3340896e8d61c5076172e3e212d9028
      size: 1023
      isexec: true
    - path: src/model.py
      hash: md5
      md5: e86e00c5c3e72f8b7a7c025a38a3c34e
      size: 7328
    - path: src/train.py
      hash: md5
      md5: 3cbf4d1b91a5273eaad9f198b1c8bab2
      size: 7299
    - path: src/train_by_AWS.py
      hash: md5
      md5: a8f25790d3ee138d1cde120bf080740b
      size: 12851
  evaluate:
    cmd: python src/evaluate.py
    deps:
    - path: artifacts/item_map.json
      hash: md5
      md5: 33f3ce8186ce17351f9aff4d6ac0de4c
      size: 2365325
    - path: artifacts/model.onnx
      hash: md5
      md5: e05e0cbdd5eb5088de3aa703f1939b91
      size: 12021
    - path: artifacts/model.pth
      hash: md5
      md5: 0da5bfef7ba871a2bd5e61caba421c62
      size: 116065897
    - path: data/processed/test.csv
      hash: md5
      md5: 88d441eaf265b9201cae0382c7402b3f
      size: 4321389
    - path: params.yaml
      hash: md5
      md5: e3340896e8d61c5076172e3e212d9028
      size: 1023
    - path: src/evaluate.py
      hash: md5
      md5: 8573805b4e16f2977e99aefdda4df23d
      size: 5763
    - path: src/model.py
      hash: md5
      md5: e86e00c5c3e72f8b7a7c025a38a3c34e
      size: 7328
    outs:
    - path: metrics/metrics.json
      hash: md5
      md5: 91e5cffc5ff68669e9851140e9c19a37
      size: 296
      isexec: true
  export:
    cmd: python src/export_model.py
    deps:
    - path: artifacts/item_map.json
      hash: md5
      md5: 33f3ce8186ce17351f9aff4d6ac0de4c
      size: 2365325
    - path: artifacts/model.pth
      hash: md5
      md5: 0da5bfef7ba871a2bd5e61caba421c62
      size: 116065897
    - path: src/export_model.py
      hash: md5
      md5: 27daf23586afb3bf4f282791d66a21d5
      size: 2551
    - path: src/model.py
      hash: md5
      md5: e86e00c5c3e72f8b7a7c025a38a3c34e
      size: 7328
    outs:
    - path: artifacts/model.engine
      hash: md5
      md5: 83bbaa2e76042cd79a029b6f35fa6a2d
      size: 58809388
    - path: artifacts/model.onnx
      hash: md5
      md5: e05e0cbdd5eb5088de3aa703f1939b91
      size: 12021
  benchmark:
    cmd: python src/benchmark.py
    deps:
    - path: artifacts/model.onnx
      hash: md5
      md5: e05e0cbdd5eb5088de3aa703f1939b91
      size: 12021
    - path: params.yaml
      hash: md5
      md5: e3340896e8d61c5076172e3e212d9028
      size: 1023
    - path: src/benchmark.py
      hash: md5
      md5: e416fc8dea821c974b94a9032d02ffdd
      size: 4918
    - path: src/model.py
      hash: md5
      md5: e86e00c5c3e72f8b7a7c025a38a3c34e
      size: 7328
    outs:
    - path: metrics/benchmark_results.json
      hash: md5
      md5: 2e189558a373c9e2340289df6192c76a
      size: 220
